// !$*UTF8*$!
{
	archiveVersion = 1;
	classes = {
	};
	objectVersion = 50;
	objects = {

/* Begin PBXBuildFile section */
		047859C726B931E600197434 /* ViewCell.swift in Sources */ = {isa = PBXBuildFile; fileRef = 047859C626B931E600197434 /* ViewCell.swift */; };
		047859C926B93DC600197434 /* Profile.swift in Sources */ = {isa = PBXBuildFile; fileRef = 047859C826B93DC600197434 /* Profile.swift */; };
		047859CB26B941D800197434 /* ViewModel.swift in Sources */ = {isa = PBXBuildFile; fileRef = 047859CA26B941D800197434 /* ViewModel.swift */; };
		047859D026B9454700197434 /* TableViewCellModel.swift in Sources */ = {isa = PBXBuildFile; fileRef = 047859CF26B9454700197434 /* TableViewCellModel.swift */; };
		047859D326B9939300197434 /* DetailViewController.swift in Sources */ = {isa = PBXBuildFile; fileRef = 047859D226B9939300197434 /* DetailViewController.swift */; };
		047859D626B995A300197434 /* DetailViewModel.swift in Sources */ = {isa = PBXBuildFile; fileRef = 047859D526B995A300197434 /* DetailViewModel.swift */; };
		047859DB26B9B2C400197434 /* Box.swift in Sources */ = {isa = PBXBuildFile; fileRef = 047859DA26B9B2C400197434 /* Box.swift */; };
		047D2A9E26B92ADF0094F76D /* AppDelegate.swift in Sources */ = {isa = PBXBuildFile; fileRef = 047D2A9D26B92ADF0094F76D /* AppDelegate.swift */; };
		047D2AA026B92ADF0094F76D /* SceneDelegate.swift in Sources */ = {isa = PBXBuildFile; fileRef = 047D2A9F26B92ADF0094F76D /* SceneDelegate.swift */; };
		047D2AA226B92ADF0094F76D /* ViewController.swift in Sources */ = {isa = PBXBuildFile; fileRef = 047D2AA126B92ADF0094F76D /* ViewController.swift */; };
		047D2AA726B92AE60094F76D /* Assets.xcassets in Resources */ = {isa = PBXBuildFile; fileRef = 047D2AA626B92AE60094F76D /* Assets.xcassets */; };
		047D2AAA26B92AE60094F76D /* LaunchScreen.storyboard in Resources */ = {isa = PBXBuildFile; fileRef = 047D2AA826B92AE60094F76D /* LaunchScreen.storyboard */; };
/* End PBXBuildFile section */

/* Begin PBXFileReference section */
		047859C626B931E600197434 /* ViewCell.swift */ = {isa = PBXFileReference; lastKnownFileType = sourcecode.swift; path = ViewCell.swift; sourceTree = "<group>"; };
		047859C826B93DC600197434 /* Profile.swift */ = {isa = PBXFileReference; lastKnownFileType = sourcecode.swift; path = Profile.swift; sourceTree = "<group>"; };
		047859CA26B941D800197434 /* ViewModel.swift */ = {isa = PBXFileReference; lastKnownFileType = sourcecode.swift; path = ViewModel.swift; sourceTree = "<group>"; };
		047859CF26B9454700197434 /* TableViewCellModel.swift */ = {isa = PBXFileReference; lastKnownFileType = sourcecode.swift; path = TableViewCellModel.swift; sourceTree = "<group>"; };
		047859D226B9939300197434 /* DetailViewController.swift */ = {isa = PBXFileReference; lastKnownFileType = sourcecode.swift; path = DetailViewController.swift; sourceTree = "<group>"; };
		047859D526B995A300197434 /* DetailViewModel.swift */ = {isa = PBXFileReference; lastKnownFileType = sourcecode.swift; path = DetailViewModel.swift; sourceTree = "<group>"; };
		047859DA26B9B2C400197434 /* Box.swift */ = {isa = PBXFileReference; lastKnownFileType = sourcecode.swift; path = Box.swift; sourceTree = "<group>"; };
		047D2A9A26B92ADF0094F76D /* MVVM2.app */ = {isa = PBXFileReference; explicitFileType = wrapper.application; includeInIndex = 0; path = MVVM2.app; sourceTree = BUILT_PRODUCTS_DIR; };
		047D2A9D26B92ADF0094F76D /* AppDelegate.swift */ = {isa = PBXFileReference; lastKnownFileType = sourcecode.swift; path = AppDelegate.swift; sourceTree = "<group>"; };
		047D2A9F26B92ADF0094F76D /* SceneDelegate.swift */ = {isa = PBXFileReference; lastKnownFileType = sourcecode.swift; path = SceneDelegate.swift; sourceTree = "<group>"; };
		047D2AA126B92ADF0094F76D /* ViewController.swift */ = {isa = PBXFileReference; lastKnownFileType = sourcecode.swift; path = ViewController.swift; sourceTree = "<group>"; };
		047D2AA626B92AE60094F76D /* Assets.xcassets */ = {isa = PBXFileReference; lastKnownFileType = folder.assetcatalog; path = Assets.xcassets; sourceTree = "<group>"; };
		047D2AA926B92AE60094F76D /* Base */ = {isa = PBXFileReference; lastKnownFileType = file.storyboard; name = Base; path = Base.lproj/LaunchScreen.storyboard; sourceTree = "<group>"; };
		047D2AAB26B92AE60094F76D /* Info.plist */ = {isa = PBXFileReference; lastKnownFileType = text.plist.xml; path = Info.plist; sourceTree = "<group>"; };
/* End PBXFileReference section */

/* Begin PBXFrameworksBuildPhase section */
		047D2A9726B92ADF0094F76D /* Frameworks */ = {
			isa = PBXFrameworksBuildPhase;
			buildActionMask = 2147483647;
			files = (
			);
			runOnlyForDeploymentPostprocessing = 0;
		};
/* End PBXFrameworksBuildPhase section */

/* Begin PBXGroup section */
		047859CC26B942DB00197434 /* ViewModel */ = {
			isa = PBXGroup;
			children = (
				047859CA26B941D800197434 /* ViewModel.swift */,
				047859CF26B9454700197434 /* TableViewCellModel.swift */,
			);
			path = ViewModel;
			sourceTree = "<group>";
		};
		047859CD26B942EA00197434 /* View */ = {
			isa = PBXGroup;
			children = (
				047D2AA126B92ADF0094F76D /* ViewController.swift */,
				047859C626B931E600197434 /* ViewCell.swift */,
			);
			path = View;
			sourceTree = "<group>";
		};
		047859CE26B942F100197434 /* Model */ = {
			isa = PBXGroup;
			children = (
				047859C826B93DC600197434 /* Profile.swift */,
			);
			path = Model;
			sourceTree = "<group>";
		};
		047859D126B98C8200197434 /* RootView */ = {
			isa = PBXGroup;
			children = (
				047859CD26B942EA00197434 /* View */,
				047859CC26B942DB00197434 /* ViewModel */,
			);
			path = RootView;
			sourceTree = "<group>";
		};
		047859D426B9958C00197434 /* DetailView */ = {
			isa = PBXGroup;
			children = (
				047859D726B9AF9800197434 /* View */,
				047859D826B9AF9D00197434 /* ViewModel */,
			);
			path = DetailView;
			sourceTree = "<group>";
		};
		047859D726B9AF9800197434 /* View */ = {
			isa = PBXGroup;
			children = (
				047859D226B9939300197434 /* DetailViewController.swift */,
			);
			path = View;
			sourceTree = "<group>";
		};
		047859D826B9AF9D00197434 /* ViewModel */ = {
			isa = PBXGroup;
			children = (
				047859D526B995A300197434 /* DetailViewModel.swift */,
			);
			path = ViewModel;
			sourceTree = "<group>";
		};
		047859D926B9B12600197434 /* Supporting */ = {
			isa = PBXGroup;
			children = (
				047D2A9D26B92ADF0094F76D /* AppDelegate.swift */,
				047D2A9F26B92ADF0094F76D /* SceneDelegate.swift */,
				047D2AAB26B92AE60094F76D /* Info.plist */,
			);
			path = Supporting;
			sourceTree = "<group>";
		};
		047D2A9126B92ADF0094F76D = {
			isa = PBXGroup;
			children = (
				047D2A9C26B92ADF0094F76D /* MVVM2 */,
				047D2A9B26B92ADF0094F76D /* Products */,
			);
			sourceTree = "<group>";
		};
		047D2A9B26B92ADF0094F76D /* Products */ = {
			isa = PBXGroup;
			children = (
				047D2A9A26B92ADF0094F76D /* MVVM2.app */,
			);
			name = Products;
			sourceTree = "<group>";
		};
		047D2A9C26B92ADF0094F76D /* MVVM2 */ = {
			isa = PBXGroup;
			children = (
				047859D926B9B12600197434 /* Supporting */,
				047859D426B9958C00197434 /* DetailView */,
				047859D126B98C8200197434 /* RootView */,
				047859CE26B942F100197434 /* Model */,
				047859DA26B9B2C400197434 /* Box.swift */,
				047D2AA626B92AE60094F76D /* Assets.xcassets */,
				047D2AA826B92AE60094F76D /* LaunchScreen.storyboard */,
			);
			path = MVVM2;
			sourceTree = "<group>";
		};
/* End PBXGroup section */

/* Begin PBXNativeTarget section */
		047D2A9926B92ADF0094F76D /* MVVM2 */ = {
			isa = PBXNativeTarget;
			buildConfigurationList = 047D2AAE26B92AE60094F76D /* Build configuration list for PBXNativeTarget "MVVM2" */;
			buildPhases = (
				047D2A9626B92ADF0094F76D /* Sources */,
				047D2A9726B92ADF0094F76D /* Frameworks */,
				047D2A9826B92ADF0094F76D /* Resources */,
			);
			buildRules = (
			);
			dependencies = (
			);
			name = MVVM2;
			productName = MVVM2;
			productReference = 047D2A9A26B92ADF0094F76D /* MVVM2.app */;
			productType = "com.apple.product-type.application";
		};
/* End PBXNativeTarget section */

/* Begin PBXProject section */
		047D2A9226B92ADF0094F76D /* Project object */ = {
			isa = PBXProject;
			attributes = {
				LastSwiftUpdateCheck = 1250;
				LastUpgradeCheck = 1250;
				TargetAttributes = {
					047D2A9926B92ADF0094F76D = {
						CreatedOnToolsVersion = 12.5.1;
					};
				};
			};
			buildConfigurationList = 047D2A9526B92ADF0094F76D /* Build configuration list for PBXProject "MVVM2" */;
			compatibilityVersion = "Xcode 9.3";
			developmentRegion = en;
			hasScannedForEncodings = 0;
			knownRegions = (
				en,
				Base,
			);
			mainGroup = 047D2A9126B92ADF0094F76D;
			productRefGroup = 047D2A9B26B92ADF0094F76D /* Products */;
			projectDirPath = "";
			projectRoot = "";
			targets = (
				047D2A9926B92ADF0094F76D /* MVVM2 */,
			);
		};
/* End PBXProject section */

/* Begin PBXResourcesBuildPhase section */
		047D2A9826B92ADF0094F76D /* Resources */ = {
			isa = PBXResourcesBuildPhase;
			buildActionMask = 2147483647;
			files = (
				047D2AAA26B92AE60094F76D /* LaunchScreen.storyboard in Resources */,
				047D2AA726B92AE60094F76D /* Assets.xcassets in Resources */,
			);
			runOnlyForDeploymentPostprocessing = 0;
		};
/* End PBXResourcesBuildPhase section */

/* Begin PBXSourcesBuildPhase section */
		047D2A9626B92ADF0094F76D /* Sources */ = {
			isa = PBXSourcesBuildPhase;
			buildActionMask = 2147483647;
			files = (
				047859C726B931E600197434 /* ViewCell.swift in Sources */,
				047859C926B93DC600197434 /* Profile.swift in Sources */,
				047D2AA226B92ADF0094F76D /* ViewController.swift in Sources */,
				047D2A9E26B92ADF0094F76D /* AppDelegate.swift in Sources */,
				047859D626B995A300197434 /* DetailViewModel.swift in Sources */,
				047859CB26B941D800197434 /* ViewModel.swift in Sources */,
				047859D026B9454700197434 /* TableViewCellModel.swift in Sources */,
				047D2AA026B92ADF0094F76D /* SceneDelegate.swift in Sources */,
				047859D326B9939300197434 /* DetailViewController.swift in Sources */,
				047859DB26B9B2C400197434 /* Box.swift in Sources */,
			);
			runOnlyForDeploymentPostprocessing = 0;
		};
/* End PBXSourcesBuildPhase section */

/* Begin PBXVariantGroup section */
		047D2AA826B92AE60094F76D /* LaunchScreen.storyboard */ = {
			isa = PBXVariantGroup;
			children = (
				047D2AA926B92AE60094F76D /* Base */,
			);
			name = LaunchScreen.storyboard;
			sourceTree = "<group>";
		};
/* End PBXVariantGroup section */

/* Begin XCBuildConfiguration section */
		047D2AAC26B92AE60094F76D /* Debug */ = {
			isa = XCBuildConfiguration;
			buildSettings = {
				ALWAYS_SEARCH_USER_PATHS = NO;
				CLANG_ANALYZER_NONNULL = YES;
				CLANG_ANALYZER_NUMBER_OBJECT_CONVERSION = YES_AGGRESSIVE;
				CLANG_CXX_LANGUAGE_STANDARD = "gnu++14";
				CLANG_CXX_LIBRARY = "libc++";
				CLANG_ENABLE_MODULES = YES;
				CLANG_ENABLE_OBJC_ARC = YES;
				CLANG_ENABLE_OBJC_WEAK = YES;
				CLANG_WARN_BLOCK_CAPTURE_AUTORELEASING = YES;
				CLANG_WARN_BOOL_CONVERSION = YES;
				CLANG_WARN_COMMA = YES;
				CLANG_WARN_CONSTANT_CONVERSION = YES;
				CLANG_WARN_DEPRECATED_OBJC_IMPLEMENTATIONS = YES;
				CLANG_WARN_DIRECT_OBJC_ISA_USAGE = YES_ERROR;
				CLANG_WARN_DOCUMENTATION_COMMENTS = YES;
				CLANG_WARN_EMPTY_BODY = YES;
				CLANG_WARN_ENUM_CONVERSION = YES;
				CLANG_WARN_INFINITE_RECURSION = YES;
				CLANG_WARN_INT_CONVERSION = YES;
				CLANG_WARN_NON_LITERAL_NULL_CONVERSION = YES;
				CLANG_WARN_OBJC_IMPLICIT_RETAIN_SELF = YES;
				CLANG_WARN_OBJC_LITERAL_CONVERSION = YES;
				CLANG_WARN_OBJC_ROOT_CLASS = YES_ERROR;
				CLANG_WARN_QUOTED_INCLUDE_IN_FRAMEWORK_HEADER = YES;
				CLANG_WARN_RANGE_LOOP_ANALYSIS = YES;
				CLANG_WARN_STRICT_PROTOTYPES = YES;
				CLANG_WARN_SUSPICIOUS_MOVE = YES;
				CLANG_WARN_UNGUARDED_AVAILABILITY = YES_AGGRESSIVE;
				CLANG_WARN_UNREACHABLE_CODE = YES;
				CLANG_WARN__DUPLICATE_METHOD_MATCH = YES;
				COPY_PHASE_STRIP = NO;
				DEBUG_INFORMATION_FORMAT = dwarf;
				ENABLE_STRICT_OBJC_MSGSEND = YES;
				ENABLE_TESTABILITY = YES;
				GCC_C_LANGUAGE_STANDARD = gnu11;
				GCC_DYNAMIC_NO_PIC = NO;
				GCC_NO_COMMON_BLOCKS = YES;
				GCC_OPTIMIZATION_LEVEL = 0;
				GCC_PREPROCESSOR_DEFINITIONS = (
					"DEBUG=1",
					"$(inherited)",
				);
				GCC_WARN_64_TO_32_BIT_CONVERSION = YES;
				GCC_WARN_ABOUT_RETURN_TYPE = YES_ERROR;
				GCC_WARN_UNDECLARED_SELECTOR = YES;
				GCC_WARN_UNINITIALIZED_AUTOS = YES_AGGRESSIVE;
				GCC_WARN_UNUSED_FUNCTION = YES;
				GCC_WARN_UNUSED_VARIABLE = YES;
				IPHONEOS_DEPLOYMENT_TARGET = 14.5;
				MTL_ENABLE_DEBUG_INFO = INCLUDE_SOURCE;
				MTL_FAST_MATH = YES;
				ONLY_ACTIVE_ARCH = YES;
				SDKROOT = iphoneos;
				SWIFT_ACTIVE_COMPILATION_CONDITIONS = DEBUG;
				SWIFT_OPTIMIZATION_LEVEL = "-Onone";
			};
			name = Debug;
		};
		047D2AAD26B92AE60094F76D /* Release */ = {
			isa = XCBuildConfiguration;
			buildSettings = {
				ALWAYS_SEARCH_USER_PATHS = NO;
				CLANG_ANALYZER_NONNULL = YES;
				CLANG_ANALYZER_NUMBER_OBJECT_CONVERSION = YES_AGGRESSIVE;
				CLANG_CXX_LANGUAGE_STANDARD = "gnu++14";
				CLANG_CXX_LIBRARY = "libc++";
				CLANG_ENABLE_MODULES = YES;
				CLANG_ENABLE_OBJC_ARC = YES;
				CLANG_ENABLE_OBJC_WEAK = YES;
				CLANG_WARN_BLOCK_CAPTURE_AUTORELEASING = YES;
				CLANG_WARN_BOOL_CONVERSION = YES;
				CLANG_WARN_COMMA = YES;
				CLANG_WARN_CONSTANT_CONVERSION = YES;
				CLANG_WARN_DEPRECATED_OBJC_IMPLEMENTATIONS = YES;
				CLANG_WARN_DIRECT_OBJC_ISA_USAGE = YES_ERROR;
				CLANG_WARN_DOCUMENTATION_COMMENTS = YES;
				CLANG_WARN_EMPTY_BODY = YES;
				CLANG_WARN_ENUM_CONVERSION = YES;
				CLANG_WARN_INFINITE_RECURSION = YES;
				CLANG_WARN_INT_CONVERSION = YES;
				CLANG_WARN_NON_LITERAL_NULL_CONVERSION = YES;
				CLANG_WARN_OBJC_IMPLICIT_RETAIN_SELF = YES;
				CLANG_WARN_OBJC_LITERAL_CONVERSION = YES;
				CLANG_WARN_OBJC_ROOT_CLASS = YES_ERROR;
				CLANG_WARN_QUOTED_INCLUDE_IN_FRAMEWORK_HEADER = YES;
				CLANG_WARN_RANGE_LOOP_ANALYSIS = YES;
				CLANG_WARN_STRICT_PROTOTYPES = YES;
				CLANG_WARN_SUSPICIOUS_MOVE = YES;
				CLANG_WARN_UNGUARDED_AVAILABILITY = YES_AGGRESSIVE;
				CLANG_WARN_UNREACHABLE_CODE = YES;
				CLANG_WARN__DUPLICATE_METHOD_MATCH = YES;
				COPY_PHASE_STRIP = NO;
				DEBUG_INFORMATION_FORMAT = "dwarf-with-dsym";
				ENABLE_NS_ASSERTIONS = NO;
				ENABLE_STRICT_OBJC_MSGSEND = YES;
				GCC_C_LANGUAGE_STANDARD = gnu11;
				GCC_NO_COMMON_BLOCKS = YES;
				GCC_WARN_64_TO_32_BIT_CONVERSION = YES;
				GCC_WARN_ABOUT_RETURN_TYPE = YES_ERROR;
				GCC_WARN_UNDECLARED_SELECTOR = YES;
				GCC_WARN_UNINITIALIZED_AUTOS = YES_AGGRESSIVE;
				GCC_WARN_UNUSED_FUNCTION = YES;
				GCC_WARN_UNUSED_VARIABLE = YES;
				IPHONEOS_DEPLOYMENT_TARGET = 14.5;
				MTL_ENABLE_DEBUG_INFO = NO;
				MTL_FAST_MATH = YES;
				SDKROOT = iphoneos;
				SWIFT_COMPILATION_MODE = wholemodule;
				SWIFT_OPTIMIZATION_LEVEL = "-O";
				VALIDATE_PRODUCT = YES;
			};
			name = Release;
		};
		047D2AAF26B92AE60094F76D /* Debug */ = {
			isa = XCBuildConfiguration;
			buildSettings = {
				ASSETCATALOG_COMPILER_APPICON_NAME = AppIcon;
				ASSETCATALOG_COMPILER_GLOBAL_ACCENT_COLOR_NAME = AccentColor;
				CODE_SIGN_STYLE = Automatic;
				DEVELOPMENT_TEAM = JCX8Z993GT;
				INFOPLIST_FILE = MVVM2/Supporting/Info.plist;
				LD_RUNPATH_SEARCH_PATHS = (
					"$(inherited)",
					"@executable_path/Frameworks",
				);
				PRODUCT_BUNDLE_IDENTIFIER = AB.bavcom.MVVM2;
				PRODUCT_NAME = "$(TARGET_NAME)";
				SWIFT_VERSION = 5.0;
				TARGETED_DEVICE_FAMILY = "1,2";
			};
			name = Debug;
		};
		047D2AB026B92AE60094F76D /* Release */ = {
			isa = XCBuildConfiguration;
			buildSettings = {
				ASSETCATALOG_COMPILER_APPICON_NAME = AppIcon;
				ASSETCATALOG_COMPILER_GLOBAL_ACCENT_COLOR_NAME = AccentColor;
				CODE_SIGN_STYLE = Automatic;
				DEVELOPMENT_TEAM = JCX8Z993GT;
				INFOPLIST_FILE = MVVM2/Supporting/Info.plist;
				LD_RUNPATH_SEARCH_PATHS = (
					"$(inherited)",
					"@executable_path/Frameworks",
				);
				PRODUCT_BUNDLE_IDENTIFIER = AB.bavcom.MVVM2;
				PRODUCT_NAME = "$(TARGET_NAME)";
				SWIFT_VERSION = 5.0;
				TARGETED_DEVICE_FAMILY = "1,2";
			};
			name = Release;
		};
/* End XCBuildConfiguration section */

/* Begin XCConfigurationList section */
		047D2A9526B92ADF0094F76D /* Build configuration list for PBXProject "MVVM2" */ = {
			isa = XCConfigurationList;
			buildConfigurations = (
				047D2AAC26B92AE60094F76D /* Debug */,
				047D2AAD26B92AE60094F76D /* Release */,
			);
			defaultConfigurationIsVisible = 0;
			defaultConfigurationName = Release;
		};
		047D2AAE26B92AE60094F76D /* Build configuration list for PBXNativeTarget "MVVM2" */ = {
			isa = XCConfigurationList;
			buildConfigurations = (
				047D2AAF26B92AE60094F76D /* Debug */,
				047D2AB026B92AE60094F76D /* Release */,
			);
			defaultConfigurationIsVisible = 0;
			defaultConfigurationName = Release;
		};
/* End XCConfigurationList section */
	};
	rootObject = 047D2A9226B92ADF0094F76D /* Project object */;
}
